// !$*UTF8*$!
{
	archiveVersion = 1;
	classes = {
	};
	objectVersion = 46;
	objects = {

/* Begin PBXBuildFile section */
		E71361221DDB574D00FBFC13 /* main.m in Sources */ = {isa = PBXBuildFile; fileRef = E71361211DDB574D00FBFC13 /* main.m */; };
		E71361251DDB574D00FBFC13 /* AppDelegate.m in Sources */ = {isa = PBXBuildFile; fileRef = E71361241DDB574D00FBFC13 /* AppDelegate.m */; };
		E71361281DDB574D00FBFC13 /* ViewController.m in Sources */ = {isa = PBXBuildFile; fileRef = E71361271DDB574D00FBFC13 /* ViewController.m */; };
		E713612E1DDB574D00FBFC13 /* ObjectiveCiOSSample.xcdatamodeld in Sources */ = {isa = PBXBuildFile; fileRef = E713612C1DDB574D00FBFC13 /* ObjectiveCiOSSample.xcdatamodeld */; };
		E71361301DDB574D00FBFC13 /* Assets.xcassets in Resources */ = {isa = PBXBuildFile; fileRef = E713612F1DDB574D00FBFC13 /* Assets.xcassets */; };
		E71361331DDB574D00FBFC13 /* LaunchScreen.storyboard in Resources */ = {isa = PBXBuildFile; fileRef = E71361311DDB574D00FBFC13 /* LaunchScreen.storyboard */; };
		E713613E1DDB574D00FBFC13 /* ObjectiveCiOSSampleTests.m in Sources */ = {isa = PBXBuildFile; fileRef = E713613D1DDB574D00FBFC13 /* ObjectiveCiOSSampleTests.m */; };
		E71361491DDB574D00FBFC13 /* ObjectiveCiOSSampleUITests.m in Sources */ = {isa = PBXBuildFile; fileRef = E71361481DDB574D00FBFC13 /* ObjectiveCiOSSampleUITests.m */; };
		E71361591DDBCF8D00FBFC13 /* MyModalViewController.m in Sources */ = {isa = PBXBuildFile; fileRef = E71361581DDBCF8D00FBFC13 /* MyModalViewController.m */; };
		E783EF831DDCA3A100FB60C2 /* MyTabViewController.m in Sources */ = {isa = PBXBuildFile; fileRef = E783EF821DDCA3A100FB60C2 /* MyTabViewController.m */; };
/* End PBXBuildFile section */

/* Begin PBXContainerItemProxy section */
		E713613A1DDB574D00FBFC13 /* PBXContainerItemProxy */ = {
			isa = PBXContainerItemProxy;
			containerPortal = E71361151DDB574D00FBFC13 /* Project object */;
			proxyType = 1;
			remoteGlobalIDString = E713611C1DDB574D00FBFC13;
			remoteInfo = ObjectiveCiOSSample;
		};
		E71361451DDB574D00FBFC13 /* PBXContainerItemProxy */ = {
			isa = PBXContainerItemProxy;
			containerPortal = E71361151DDB574D00FBFC13 /* Project object */;
			proxyType = 1;
			remoteGlobalIDString = E713611C1DDB574D00FBFC13;
			remoteInfo = ObjectiveCiOSSample;
		};
/* End PBXContainerItemProxy section */

/* Begin PBXFileReference section */
		E713611D1DDB574D00FBFC13 /* ObjectiveCiOSSample.app */ = {isa = PBXFileReference; explicitFileType = wrapper.application; includeInIndex = 0; path = ObjectiveCiOSSample.app; sourceTree = BUILT_PRODUCTS_DIR; };
		E71361211DDB574D00FBFC13 /* main.m */ = {isa = PBXFileReference; lastKnownFileType = sourcecode.c.objc; path = main.m; sourceTree = "<group>"; };
		E71361231DDB574D00FBFC13 /* AppDelegate.h */ = {isa = PBXFileReference; lastKnownFileType = sourcecode.c.h; path = AppDelegate.h; sourceTree = "<group>"; };
		E71361241DDB574D00FBFC13 /* AppDelegate.m */ = {isa = PBXFileReference; lastKnownFileType = sourcecode.c.objc; path = AppDelegate.m; sourceTree = "<group>"; };
		E71361261DDB574D00FBFC13 /* ViewController.h */ = {isa = PBXFileReference; lastKnownFileType = sourcecode.c.h; path = ViewController.h; sourceTree = "<group>"; };
		E71361271DDB574D00FBFC13 /* ViewController.m */ = {isa = PBXFileReference; lastKnownFileType = sourcecode.c.objc; path = ViewController.m; sourceTree = "<group>"; };
		E713612D1DDB574D00FBFC13 /* ObjectiveCiOSSample.xcdatamodel */ = {isa = PBXFileReference; lastKnownFileType = wrapper.xcdatamodel; path = ObjectiveCiOSSample.xcdatamodel; sourceTree = "<group>"; };
		E713612F1DDB574D00FBFC13 /* Assets.xcassets */ = {isa = PBXFileReference; lastKnownFileType = folder.assetcatalog; path = Assets.xcassets; sourceTree = "<group>"; };
		E71361321DDB574D00FBFC13 /* Base */ = {isa = PBXFileReference; lastKnownFileType = file.storyboard; name = Base; path = Base.lproj/LaunchScreen.storyboard; sourceTree = "<group>"; };
		E71361341DDB574D00FBFC13 /* Info.plist */ = {isa = PBXFileReference; lastKnownFileType = text.plist.xml; path = Info.plist; sourceTree = "<group>"; };
		E71361391DDB574D00FBFC13 /* ObjectiveCiOSSampleTests.xctest */ = {isa = PBXFileReference; explicitFileType = wrapper.cfbundle; includeInIndex = 0; path = ObjectiveCiOSSampleTests.xctest; sourceTree = BUILT_PRODUCTS_DIR; };
		E713613D1DDB574D00FBFC13 /* ObjectiveCiOSSampleTests.m */ = {isa = PBXFileReference; lastKnownFileType = sourcecode.c.objc; path = ObjectiveCiOSSampleTests.m; sourceTree = "<group>"; };
		E713613F1DDB574D00FBFC13 /* Info.plist */ = {isa = PBXFileReference; lastKnownFileType = text.plist.xml; path = Info.plist; sourceTree = "<group>"; };
		E71361441DDB574D00FBFC13 /* ObjectiveCiOSSampleUITests.xctest */ = {isa = PBXFileReference; explicitFileType = wrapper.cfbundle; includeInIndex = 0; path = ObjectiveCiOSSampleUITests.xctest; sourceTree = BUILT_PRODUCTS_DIR; };
		E71361481DDB574D00FBFC13 /* ObjectiveCiOSSampleUITests.m */ = {isa = PBXFileReference; lastKnownFileType = sourcecode.c.objc; path = ObjectiveCiOSSampleUITests.m; sourceTree = "<group>"; };
		E713614A1DDB574D00FBFC13 /* Info.plist */ = {isa = PBXFileReference; lastKnownFileType = text.plist.xml; path = Info.plist; sourceTree = "<group>"; };
		E71361571DDBCF7B00FBFC13 /* MyModalViewController.h */ = {isa = PBXFileReference; lastKnownFileType = sourcecode.c.h; path = MyModalViewController.h; sourceTree = "<group>"; };
		E71361581DDBCF8D00FBFC13 /* MyModalViewController.m */ = {isa = PBXFileReference; fileEncoding = 4; lastKnownFileType = sourcecode.c.objc; path = MyModalViewController.m; sourceTree = "<group>"; };
		E783EF821DDCA3A100FB60C2 /* MyTabViewController.m */ = {isa = PBXFileReference; fileEncoding = 4; lastKnownFileType = sourcecode.c.objc; path = MyTabViewController.m; sourceTree = "<group>"; };
		E783EF841DDCA3B200FB60C2 /* MyTabViewController.h */ = {isa = PBXFileReference; lastKnownFileType = sourcecode.c.h; path = MyTabViewController.h; sourceTree = "<group>"; };
/* End PBXFileReference section */

/* Begin PBXFrameworksBuildPhase section */
		E713611A1DDB574D00FBFC13 /* Frameworks */ = {
			isa = PBXFrameworksBuildPhase;
			buildActionMask = 2147483647;
			files = (
			);
			runOnlyForDeploymentPostprocessing = 0;
		};
		E71361361DDB574D00FBFC13 /* Frameworks */ = {
			isa = PBXFrameworksBuildPhase;
			buildActionMask = 2147483647;
			files = (
			);
			runOnlyForDeploymentPostprocessing = 0;
		};
		E71361411DDB574D00FBFC13 /* Frameworks */ = {
			isa = PBXFrameworksBuildPhase;
			buildActionMask = 2147483647;
			files = (
			);
			runOnlyForDeploymentPostprocessing = 0;
		};
/* End PBXFrameworksBuildPhase section */

/* Begin PBXGroup section */
		E71361141DDB574D00FBFC13 = {
			isa = PBXGroup;
			children = (
				E713611F1DDB574D00FBFC13 /* ObjectiveCiOSSample */,
				E713613C1DDB574D00FBFC13 /* ObjectiveCiOSSampleTests */,
				E71361471DDB574D00FBFC13 /* ObjectiveCiOSSampleUITests */,
				E713611E1DDB574D00FBFC13 /* Products */,
			);
			sourceTree = "<group>";
		};
		E713611E1DDB574D00FBFC13 /* Products */ = {
			isa = PBXGroup;
			children = (
				E713611D1DDB574D00FBFC13 /* ObjectiveCiOSSample.app */,
				E71361391DDB574D00FBFC13 /* ObjectiveCiOSSampleTests.xctest */,
				E71361441DDB574D00FBFC13 /* ObjectiveCiOSSampleUITests.xctest */,
			);
			name = Products;
			sourceTree = "<group>";
		};
		E713611F1DDB574D00FBFC13 /* ObjectiveCiOSSample */ = {
			isa = PBXGroup;
			children = (
				E783EF851DDCBC3500FB60C2 /* simple */,
				E783EF811DDCA06B00FB60C2 /* modal */,
				E71361561DDBCF5400FBFC13 /* tabbar */,
				E71361231DDB574D00FBFC13 /* AppDelegate.h */,
				E71361241DDB574D00FBFC13 /* AppDelegate.m */,
				E71361261DDB574D00FBFC13 /* ViewController.h */,
				E71361271DDB574D00FBFC13 /* ViewController.m */,
				E713612F1DDB574D00FBFC13 /* Assets.xcassets */,
				E71361311DDB574D00FBFC13 /* LaunchScreen.storyboard */,
				E71361341DDB574D00FBFC13 /* Info.plist */,
				E713612C1DDB574D00FBFC13 /* ObjectiveCiOSSample.xcdatamodeld */,
				E71361201DDB574D00FBFC13 /* Supporting Files */,
			);
			path = ObjectiveCiOSSample;
			sourceTree = "<group>";
		};
		E71361201DDB574D00FBFC13 /* Supporting Files */ = {
			isa = PBXGroup;
			children = (
				E71361211DDB574D00FBFC13 /* main.m */,
			);
			name = "Supporting Files";
			sourceTree = "<group>";
		};
		E713613C1DDB574D00FBFC13 /* ObjectiveCiOSSampleTests */ = {
			isa = PBXGroup;
			children = (
				E713613D1DDB574D00FBFC13 /* ObjectiveCiOSSampleTests.m */,
				E713613F1DDB574D00FBFC13 /* Info.plist */,
			);
			path = ObjectiveCiOSSampleTests;
			sourceTree = "<group>";
		};
		E71361471DDB574D00FBFC13 /* ObjectiveCiOSSampleUITests */ = {
			isa = PBXGroup;
			children = (
				E71361481DDB574D00FBFC13 /* ObjectiveCiOSSampleUITests.m */,
				E713614A1DDB574D00FBFC13 /* Info.plist */,
			);
			path = ObjectiveCiOSSampleUITests;
			sourceTree = "<group>";
		};
		E71361561DDBCF5400FBFC13 /* tabbar */ = {
			isa = PBXGroup;
			children = (
				E783EF821DDCA3A100FB60C2 /* MyTabViewController.m */,
				E783EF841DDCA3B200FB60C2 /* MyTabViewController.h */,
			);
			name = tabbar;
			sourceTree = "<group>";
		};
		E783EF811DDCA06B00FB60C2 /* modal */ = {
			isa = PBXGroup;
			children = (
				E71361581DDBCF8D00FBFC13 /* MyModalViewController.m */,
				E71361571DDBCF7B00FBFC13 /* MyModalViewController.h */,
			);
			name = modal;
			sourceTree = "<group>";
		};
		E783EF851DDCBC3500FB60C2 /* simple */ = {
			isa = PBXGroup;
			children = (
			);
			name = simple;
			sourceTree = "<group>";
		};
/* End PBXGroup section */

/* Begin PBXNativeTarget section */
		E713611C1DDB574D00FBFC13 /* ObjectiveCiOSSample */ = {
			isa = PBXNativeTarget;
			buildConfigurationList = E713614D1DDB574D00FBFC13 /* Build configuration list for PBXNativeTarget "ObjectiveCiOSSample" */;
			buildPhases = (
				E71361191DDB574D00FBFC13 /* Sources */,
				E713611A1DDB574D00FBFC13 /* Frameworks */,
				E713611B1DDB574D00FBFC13 /* Resources */,
			);
			buildRules = (
			);
			dependencies = (
			);
			name = ObjectiveCiOSSample;
			productName = ObjectiveCiOSSample;
			productReference = E713611D1DDB574D00FBFC13 /* ObjectiveCiOSSample.app */;
			productType = "com.apple.product-type.application";
		};
		E71361381DDB574D00FBFC13 /* ObjectiveCiOSSampleTests */ = {
			isa = PBXNativeTarget;
			buildConfigurationList = E71361501DDB574D00FBFC13 /* Build configuration list for PBXNativeTarget "ObjectiveCiOSSampleTests" */;
			buildPhases = (
				E71361351DDB574D00FBFC13 /* Sources */,
				E71361361DDB574D00FBFC13 /* Frameworks */,
				E71361371DDB574D00FBFC13 /* Resources */,
			);
			buildRules = (
			);
			dependencies = (
				E713613B1DDB574D00FBFC13 /* PBXTargetDependency */,
			);
			name = ObjectiveCiOSSampleTests;
			productName = ObjectiveCiOSSampleTests;
			productReference = E71361391DDB574D00FBFC13 /* ObjectiveCiOSSampleTests.xctest */;
			productType = "com.apple.product-type.bundle.unit-test";
		};
		E71361431DDB574D00FBFC13 /* ObjectiveCiOSSampleUITests */ = {
			isa = PBXNativeTarget;
			buildConfigurationList = E71361531DDB574D00FBFC13 /* Build configuration list for PBXNativeTarget "ObjectiveCiOSSampleUITests" */;
			buildPhases = (
				E71361401DDB574D00FBFC13 /* Sources */,
				E71361411DDB574D00FBFC13 /* Frameworks */,
				E71361421DDB574D00FBFC13 /* Resources */,
			);
			buildRules = (
			);
			dependencies = (
				E71361461DDB574D00FBFC13 /* PBXTargetDependency */,
			);
			name = ObjectiveCiOSSampleUITests;
			productName = ObjectiveCiOSSampleUITests;
			productReference = E71361441DDB574D00FBFC13 /* ObjectiveCiOSSampleUITests.xctest */;
			productType = "com.apple.product-type.bundle.ui-testing";
		};
/* End PBXNativeTarget section */

/* Begin PBXProject section */
		E71361151DDB574D00FBFC13 /* Project object */ = {
			isa = PBXProject;
			attributes = {
				LastUpgradeCheck = 0810;
				ORGANIZATIONNAME = "柴田幸輝";
				TargetAttributes = {
					E713611C1DDB574D00FBFC13 = {
						CreatedOnToolsVersion = 8.1;
						DevelopmentTeam = 9U2P5UKKFL;
						ProvisioningStyle = Automatic;
					};
					E71361381DDB574D00FBFC13 = {
						CreatedOnToolsVersion = 8.1;
						DevelopmentTeam = 9U2P5UKKFL;
						ProvisioningStyle = Automatic;
						TestTargetID = E713611C1DDB574D00FBFC13;
					};
					E71361431DDB574D00FBFC13 = {
						CreatedOnToolsVersion = 8.1;
						DevelopmentTeam = 9U2P5UKKFL;
						ProvisioningStyle = Automatic;
						TestTargetID = E713611C1DDB574D00FBFC13;
					};
				};
			};
			buildConfigurationList = E71361181DDB574D00FBFC13 /* Build configuration list for PBXProject "ObjectiveCiOSSample" */;
			compatibilityVersion = "Xcode 3.2";
			developmentRegion = English;
			hasScannedForEncodings = 0;
			knownRegions = (
				en,
				Base,
			);
			mainGroup = E71361141DDB574D00FBFC13;
			productRefGroup = E713611E1DDB574D00FBFC13 /* Products */;
			projectDirPath = "";
			projectRoot = "";
			targets = (
				E713611C1DDB574D00FBFC13 /* ObjectiveCiOSSample */,
				E71361381DDB574D00FBFC13 /* ObjectiveCiOSSampleTests */,
				E71361431DDB574D00FBFC13 /* ObjectiveCiOSSampleUITests */,
			);
		};
/* End PBXProject section */

/* Begin PBXResourcesBuildPhase section */
		E713611B1DDB574D00FBFC13 /* Resources */ = {
			isa = PBXResourcesBuildPhase;
			buildActionMask = 2147483647;
			files = (
				E71361331DDB574D00FBFC13 /* LaunchScreen.storyboard in Resources */,
				E71361301DDB574D00FBFC13 /* Assets.xcassets in Resources */,
			);
			runOnlyForDeploymentPostprocessing = 0;
		};
		E71361371DDB574D00FBFC13 /* Resources */ = {
			isa = PBXResourcesBuildPhase;
			buildActionMask = 2147483647;
			files = (
			);
			runOnlyForDeploymentPostprocessing = 0;
		};
		E71361421DDB574D00FBFC13 /* Resources */ = {
			isa = PBXResourcesBuildPhase;
			buildActionMask = 2147483647;
			files = (
			);
			runOnlyForDeploymentPostprocessing = 0;
		};
/* End PBXResourcesBuildPhase section */

/* Begin PBXSourcesBuildPhase section */
		E71361191DDB574D00FBFC13 /* Sources */ = {
			isa = PBXSourcesBuildPhase;
			buildActionMask = 2147483647;
			files = (
				E71361281DDB574D00FBFC13 /* ViewController.m in Sources */,
				E71361251DDB574D00FBFC13 /* AppDelegate.m in Sources */,
				E71361591DDBCF8D00FBFC13 /* MyModalViewController.m in Sources */,
				E713612E1DDB574D00FBFC13 /* ObjectiveCiOSSample.xcdatamodeld in Sources */,
				E783EF831DDCA3A100FB60C2 /* MyTabViewController.m in Sources */,
				E71361221DDB574D00FBFC13 /* main.m in Sources */,
			);
			runOnlyForDeploymentPostprocessing = 0;
		};
		E71361351DDB574D00FBFC13 /* Sources */ = {
			isa = PBXSourcesBuildPhase;
			buildActionMask = 2147483647;
			files = (
				E713613E1DDB574D00FBFC13 /* ObjectiveCiOSSampleTests.m in Sources */,
			);
			runOnlyForDeploymentPostprocessing = 0;
		};
		E71361401DDB574D00FBFC13 /* Sources */ = {
			isa = PBXSourcesBuildPhase;
			buildActionMask = 2147483647;
			files = (
				E71361491DDB574D00FBFC13 /* ObjectiveCiOSSampleUITests.m in Sources */,
			);
			runOnlyForDeploymentPostprocessing = 0;
		};
/* End PBXSourcesBuildPhase section */

/* Begin PBXTargetDependency section */
		E713613B1DDB574D00FBFC13 /* PBXTargetDependency */ = {
			isa = PBXTargetDependency;
			target = E713611C1DDB574D00FBFC13 /* ObjectiveCiOSSample */;
			targetProxy = E713613A1DDB574D00FBFC13 /* PBXContainerItemProxy */;
		};
		E71361461DDB574D00FBFC13 /* PBXTargetDependency */ = {
			isa = PBXTargetDependency;
			target = E713611C1DDB574D00FBFC13 /* ObjectiveCiOSSample */;
			targetProxy = E71361451DDB574D00FBFC13 /* PBXContainerItemProxy */;
		};
/* End PBXTargetDependency section */

/* Begin PBXVariantGroup section */
		E71361311DDB574D00FBFC13 /* LaunchScreen.storyboard */ = {
			isa = PBXVariantGroup;
			children = (
				E71361321DDB574D00FBFC13 /* Base */,
			);
			name = LaunchScreen.storyboard;
			sourceTree = "<group>";
		};
/* End PBXVariantGroup section */

/* Begin XCBuildConfiguration section */
		E713614B1DDB574D00FBFC13 /* Debug */ = {
			isa = XCBuildConfiguration;
			buildSettings = {
				ALWAYS_SEARCH_USER_PATHS = NO;
				CLANG_ANALYZER_NONNULL = YES;
				CLANG_CXX_LANGUAGE_STANDARD = "gnu++0x";
				CLANG_CXX_LIBRARY = "libc++";
				CLANG_ENABLE_MODULES = YES;
				CLANG_ENABLE_OBJC_ARC = YES;
				CLANG_WARN_BOOL_CONVERSION = YES;
				CLANG_WARN_CONSTANT_CONVERSION = YES;
				CLANG_WARN_DIRECT_OBJC_ISA_USAGE = YES_ERROR;
				CLANG_WARN_DOCUMENTATION_COMMENTS = YES;
				CLANG_WARN_EMPTY_BODY = YES;
				CLANG_WARN_ENUM_CONVERSION = YES;
				CLANG_WARN_INFINITE_RECURSION = YES;
				CLANG_WARN_INT_CONVERSION = YES;
				CLANG_WARN_OBJC_ROOT_CLASS = YES_ERROR;
				CLANG_WARN_SUSPICIOUS_MOVES = YES;
				CLANG_WARN_UNREACHABLE_CODE = YES;
				CLANG_WARN__DUPLICATE_METHOD_MATCH = YES;
				"CODE_SIGN_IDENTITY[sdk=iphoneos*]" = "iPhone Developer";
				COPY_PHASE_STRIP = NO;
				DEBUG_INFORMATION_FORMAT = dwarf;
				ENABLE_STRICT_OBJC_MSGSEND = YES;
				ENABLE_TESTABILITY = YES;
				GCC_C_LANGUAGE_STANDARD = gnu99;
				GCC_DYNAMIC_NO_PIC = NO;
				GCC_NO_COMMON_BLOCKS = YES;
				GCC_OPTIMIZATION_LEVEL = 0;
				GCC_PREPROCESSOR_DEFINITIONS = (
					"DEBUG=1",
					"$(inherited)",
				);
				GCC_WARN_64_TO_32_BIT_CONVERSION = YES;
				GCC_WARN_ABOUT_RETURN_TYPE = YES_ERROR;
				GCC_WARN_UNDECLARED_SELECTOR = YES;
				GCC_WARN_UNINITIALIZED_AUTOS = YES_AGGRESSIVE;
				GCC_WARN_UNUSED_FUNCTION = YES;
				GCC_WARN_UNUSED_VARIABLE = YES;
				IPHONEOS_DEPLOYMENT_TARGET = 10.1;
				MTL_ENABLE_DEBUG_INFO = YES;
				ONLY_ACTIVE_ARCH = YES;
				SDKROOT = iphoneos;
			};
			name = Debug;
		};
		E713614C1DDB574D00FBFC13 /* Release */ = {
			isa = XCBuildConfiguration;
			buildSettings = {
				ALWAYS_SEARCH_USER_PATHS = NO;
				CLANG_ANALYZER_NONNULL = YES;
				CLANG_CXX_LANGUAGE_STANDARD = "gnu++0x";
				CLANG_CXX_LIBRARY = "libc++";
				CLANG_ENABLE_MODULES = YES;
				CLANG_ENABLE_OBJC_ARC = YES;
				CLANG_WARN_BOOL_CONVERSION = YES;
				CLANG_WARN_CONSTANT_CONVERSION = YES;
				CLANG_WARN_DIRECT_OBJC_ISA_USAGE = YES_ERROR;
				CLANG_WARN_DOCUMENTATION_COMMENTS = YES;
				CLANG_WARN_EMPTY_BODY = YES;
				CLANG_WARN_ENUM_CONVERSION = YES;
				CLANG_WARN_INFINITE_RECURSION = YES;
				CLANG_WARN_INT_CONVERSION = YES;
				CLANG_WARN_OBJC_ROOT_CLASS = YES_ERROR;
				CLANG_WARN_SUSPICIOUS_MOVES = YES;
				CLANG_WARN_UNREACHABLE_CODE = YES;
				CLANG_WARN__DUPLICATE_METHOD_MATCH = YES;
				"CODE_SIGN_IDENTITY[sdk=iphoneos*]" = "iPhone Developer";
				COPY_PHASE_STRIP = NO;
				DEBUG_INFORMATION_FORMAT = "dwarf-with-dsym";
				ENABLE_NS_ASSERTIONS = NO;
				ENABLE_STRICT_OBJC_MSGSEND = YES;
				GCC_C_LANGUAGE_STANDARD = gnu99;
				GCC_NO_COMMON_BLOCKS = YES;
				GCC_WARN_64_TO_32_BIT_CONVERSION = YES;
				GCC_WARN_ABOUT_RETURN_TYPE = YES_ERROR;
				GCC_WARN_UNDECLARED_SELECTOR = YES;
				GCC_WARN_UNINITIALIZED_AUTOS = YES_AGGRESSIVE;
				GCC_WARN_UNUSED_FUNCTION = YES;
				GCC_WARN_UNUSED_VARIABLE = YES;
				IPHONEOS_DEPLOYMENT_TARGET = 10.1;
				MTL_ENABLE_DEBUG_INFO = NO;
				SDKROOT = iphoneos;
				VALIDATE_PRODUCT = YES;
			};
			name = Release;
		};
		E713614E1DDB574D00FBFC13 /* Debug */ = {
			isa = XCBuildConfiguration;
			buildSettings = {
				ASSETCATALOG_COMPILER_APPICON_NAME = AppIcon;
				DEVELOPMENT_TEAM = 9U2P5UKKFL;
				INFOPLIST_FILE = ObjectiveCiOSSample/Info.plist;
				IPHONEOS_DEPLOYMENT_TARGET = 8.0;
				LD_RUNPATH_SEARCH_PATHS = "$(inherited) @executable_path/Frameworks";
				PRODUCT_BUNDLE_IDENTIFIER = com.github.uryyyyyyy.ObjectiveCiOSSample;
				PRODUCT_NAME = "$(TARGET_NAME)";
			};
			name = Debug;
		};
		E713614F1DDB574D00FBFC13 /* Release */ = {
			isa = XCBuildConfiguration;
			buildSettings = {
				ASSETCATALOG_COMPILER_APPICON_NAME = AppIcon;
				DEVELOPMENT_TEAM = 9U2P5UKKFL;
				INFOPLIST_FILE = ObjectiveCiOSSample/Info.plist;
				IPHONEOS_DEPLOYMENT_TARGET = 8.0;
				LD_RUNPATH_SEARCH_PATHS = "$(inherited) @executable_path/Frameworks";
				PRODUCT_BUNDLE_IDENTIFIER = com.github.uryyyyyyy.ObjectiveCiOSSample;
				PRODUCT_NAME = "$(TARGET_NAME)";
			};
			name = Release;
		};
		E71361511DDB574D00FBFC13 /* Debug */ = {
			isa = XCBuildConfiguration;
			buildSettings = {
				BUNDLE_LOADER = "$(TEST_HOST)";
				DEVELOPMENT_TEAM = 9U2P5UKKFL;
				INFOPLIST_FILE = ObjectiveCiOSSampleTests/Info.plist;
				LD_RUNPATH_SEARCH_PATHS = "$(inherited) @executable_path/Frameworks @loader_path/Frameworks";
				PRODUCT_BUNDLE_IDENTIFIER = com.github.uryyyyyyy.ObjectiveCiOSSampleTests;
				PRODUCT_NAME = "$(TARGET_NAME)";
				TEST_HOST = "$(BUILT_PRODUCTS_DIR)/ObjectiveCiOSSample.app/ObjectiveCiOSSample";
			};
			name = Debug;
		};
		E71361521DDB574D00FBFC13 /* Release */ = {
			isa = XCBuildConfiguration;
			buildSettings = {
				BUNDLE_LOADER = "$(TEST_HOST)";
				DEVELOPMENT_TEAM = 9U2P5UKKFL;
				INFOPLIST_FILE = ObjectiveCiOSSampleTests/Info.plist;
				LD_RUNPATH_SEARCH_PATHS = "$(inherited) @executable_path/Frameworks @loader_path/Frameworks";
				PRODUCT_BUNDLE_IDENTIFIER = com.github.uryyyyyyy.ObjectiveCiOSSampleTests;
				PRODUCT_NAME = "$(TARGET_NAME)";
				TEST_HOST = "$(BUILT_PRODUCTS_DIR)/ObjectiveCiOSSample.app/ObjectiveCiOSSample";
			};
			name = Release;
		};
		E71361541DDB574D00FBFC13 /* Debug */ = {
			isa = XCBuildConfiguration;
			buildSettings = {
				DEVELOPMENT_TEAM = 9U2P5UKKFL;
				INFOPLIST_FILE = ObjectiveCiOSSampleUITests/Info.plist;
				LD_RUNPATH_SEARCH_PATHS = "$(inherited) @executable_path/Frameworks @loader_path/Frameworks";
				PRODUCT_BUNDLE_IDENTIFIER = com.github.uryyyyyyy.ObjectiveCiOSSampleUITests;
				PRODUCT_NAME = "$(TARGET_NAME)";
				TEST_TARGET_NAME = ObjectiveCiOSSample;
			};
			name = Debug;
		};
		E71361551DDB574D00FBFC13 /* Release */ = {
			isa = XCBuildConfiguration;
			buildSettings = {
				DEVELOPMENT_TEAM = 9U2P5UKKFL;
				INFOPLIST_FILE = ObjectiveCiOSSampleUITests/Info.plist;
				LD_RUNPATH_SEARCH_PATHS = "$(inherited) @executable_path/Frameworks @loader_path/Frameworks";
				PRODUCT_BUNDLE_IDENTIFIER = com.github.uryyyyyyy.ObjectiveCiOSSampleUITests;
				PRODUCT_NAME = "$(TARGET_NAME)";
				TEST_TARGET_NAME = ObjectiveCiOSSample;
			};
			name = Release;
		};
/* End XCBuildConfiguration section */

/* Begin XCConfigurationList section */
		E71361181DDB574D00FBFC13 /* Build configuration list for PBXProject "ObjectiveCiOSSample" */ = {
			isa = XCConfigurationList;
			buildConfigurations = (
				E713614B1DDB574D00FBFC13 /* Debug */,
				E713614C1DDB574D00FBFC13 /* Release */,
			);
			defaultConfigurationIsVisible = 0;
			defaultConfigurationName = Release;
		};
		E713614D1DDB574D00FBFC13 /* Build configuration list for PBXNativeTarget "ObjectiveCiOSSample" */ = {
			isa = XCConfigurationList;
			buildConfigurations = (
				E713614E1DDB574D00FBFC13 /* Debug */,
				E713614F1DDB574D00FBFC13 /* Release */,
			);
			defaultConfigurationIsVisible = 0;
			defaultConfigurationName = Release;
		};
		E71361501DDB574D00FBFC13 /* Build configuration list for PBXNativeTarget "ObjectiveCiOSSampleTests" */ = {
			isa = XCConfigurationList;
			buildConfigurations = (
				E71361511DDB574D00FBFC13 /* Debug */,
				E71361521DDB574D00FBFC13 /* Release */,
			);
			defaultConfigurationIsVisible = 0;
			defaultConfigurationName = Release;
		};
		E71361531DDB574D00FBFC13 /* Build configuration list for PBXNativeTarget "ObjectiveCiOSSampleUITests" */ = {
			isa = XCConfigurationList;
			buildConfigurations = (
				E71361541DDB574D00FBFC13 /* Debug */,
				E71361551DDB574D00FBFC13 /* Release */,
			);
			defaultConfigurationIsVisible = 0;
			defaultConfigurationName = Release;
		};
/* End XCConfigurationList section */

/* Begin XCVersionGroup section */
		E713612C1DDB574D00FBFC13 /* ObjectiveCiOSSample.xcdatamodeld */ = {
			isa = XCVersionGroup;
			children = (
				E713612D1DDB574D00FBFC13 /* ObjectiveCiOSSample.xcdatamodel */,
			);
			currentVersion = E713612D1DDB574D00FBFC13 /* ObjectiveCiOSSample.xcdatamodel */;
			path = ObjectiveCiOSSample.xcdatamodeld;
			sourceTree = "<group>";
			versionGroupType = wrapper.xcdatamodel;
		};
/* End XCVersionGroup section */
	};
	rootObject = E71361151DDB574D00FBFC13 /* Project object */;
}
